// !$*UTF8*$!
{
	archiveVersion = 1;
	classes = {
	};
	objectVersion = 56;
	objects = {

/* Begin PBXBuildFile section */
		C147430D2BAB2F1D003663D6 /* SearchResultsView.swift in Sources */ = {isa = PBXBuildFile; fileRef = C147430C2BAB2F1D003663D6 /* SearchResultsView.swift */; };
		C147430F2BAB320E003663D6 /* FoldersView.swift in Sources */ = {isa = PBXBuildFile; fileRef = C147430E2BAB320E003663D6 /* FoldersView.swift */; };
		C14743112BAB36A8003663D6 /* Previewer.swift in Sources */ = {isa = PBXBuildFile; fileRef = C14743102BAB36A8003663D6 /* Previewer.swift */; };
		C193BA922BA72DD900A42FF5 /* NotedApp.swift in Sources */ = {isa = PBXBuildFile; fileRef = C193BA912BA72DD900A42FF5 /* NotedApp.swift */; };
		C193BA942BA72DD900A42FF5 /* ContentView.swift in Sources */ = {isa = PBXBuildFile; fileRef = C193BA932BA72DD900A42FF5 /* ContentView.swift */; };
		C193BA962BA72DDA00A42FF5 /* Assets.xcassets in Resources */ = {isa = PBXBuildFile; fileRef = C193BA952BA72DDA00A42FF5 /* Assets.xcassets */; };
		C193BA992BA72DDA00A42FF5 /* Preview Assets.xcassets in Resources */ = {isa = PBXBuildFile; fileRef = C193BA982BA72DDA00A42FF5 /* Preview Assets.xcassets */; };
		C193BAA22BA72E2500A42FF5 /* Note.swift in Sources */ = {isa = PBXBuildFile; fileRef = C193BAA12BA72E2500A42FF5 /* Note.swift */; };
		C193BAA42BA72E7800A42FF5 /* Folder.swift in Sources */ = {isa = PBXBuildFile; fileRef = C193BAA32BA72E7800A42FF5 /* Folder.swift */; };
		C193BAA62BA72FDA00A42FF5 /* NotesView.swift in Sources */ = {isa = PBXBuildFile; fileRef = C193BAA52BA72FDA00A42FF5 /* NotesView.swift */; };
		C193BAA82BA72FE200A42FF5 /* NoteDetailView.swift in Sources */ = {isa = PBXBuildFile; fileRef = C193BAA72BA72FE200A42FF5 /* NoteDetailView.swift */; };
		C193BAAA2BA74A5900A42FF5 /* NoteRowView.swift in Sources */ = {isa = PBXBuildFile; fileRef = C193BAA92BA74A5900A42FF5 /* NoteRowView.swift */; };
		C197E16A2BA8921B007A9D29 /* NoteContextMenuView.swift in Sources */ = {isa = PBXBuildFile; fileRef = C197E1692BA8921B007A9D29 /* NoteContextMenuView.swift */; };
		C197E16E2BA8A88E007A9D29 /* Localizable.xcstrings in Resources */ = {isa = PBXBuildFile; fileRef = C197E16D2BA8A88E007A9D29 /* Localizable.xcstrings */; };
/* End PBXBuildFile section */

/* Begin PBXFileReference section */
		C147430C2BAB2F1D003663D6 /* SearchResultsView.swift */ = {isa = PBXFileReference; lastKnownFileType = sourcecode.swift; path = SearchResultsView.swift; sourceTree = "<group>"; };
		C147430E2BAB320E003663D6 /* FoldersView.swift */ = {isa = PBXFileReference; lastKnownFileType = sourcecode.swift; path = FoldersView.swift; sourceTree = "<group>"; };
		C14743102BAB36A8003663D6 /* Previewer.swift */ = {isa = PBXFileReference; lastKnownFileType = sourcecode.swift; path = Previewer.swift; sourceTree = "<group>"; };
		C193BA8E2BA72DD900A42FF5 /* Noted.app */ = {isa = PBXFileReference; explicitFileType = wrapper.application; includeInIndex = 0; path = Noted.app; sourceTree = BUILT_PRODUCTS_DIR; };
		C193BA912BA72DD900A42FF5 /* NotedApp.swift */ = {isa = PBXFileReference; lastKnownFileType = sourcecode.swift; path = NotedApp.swift; sourceTree = "<group>"; };
		C193BA932BA72DD900A42FF5 /* ContentView.swift */ = {isa = PBXFileReference; lastKnownFileType = sourcecode.swift; path = ContentView.swift; sourceTree = "<group>"; };
		C193BA952BA72DDA00A42FF5 /* Assets.xcassets */ = {isa = PBXFileReference; lastKnownFileType = folder.assetcatalog; path = Assets.xcassets; sourceTree = "<group>"; };
		C193BA982BA72DDA00A42FF5 /* Preview Assets.xcassets */ = {isa = PBXFileReference; lastKnownFileType = folder.assetcatalog; path = "Preview Assets.xcassets"; sourceTree = "<group>"; };
		C193BAA12BA72E2500A42FF5 /* Note.swift */ = {isa = PBXFileReference; lastKnownFileType = sourcecode.swift; path = Note.swift; sourceTree = "<group>"; };
		C193BAA32BA72E7800A42FF5 /* Folder.swift */ = {isa = PBXFileReference; lastKnownFileType = sourcecode.swift; path = Folder.swift; sourceTree = "<group>"; };
		C193BAA52BA72FDA00A42FF5 /* NotesView.swift */ = {isa = PBXFileReference; lastKnownFileType = sourcecode.swift; path = NotesView.swift; sourceTree = "<group>"; };
		C193BAA72BA72FE200A42FF5 /* NoteDetailView.swift */ = {isa = PBXFileReference; lastKnownFileType = sourcecode.swift; path = NoteDetailView.swift; sourceTree = "<group>"; };
		C193BAA92BA74A5900A42FF5 /* NoteRowView.swift */ = {isa = PBXFileReference; lastKnownFileType = sourcecode.swift; path = NoteRowView.swift; sourceTree = "<group>"; };
		C197E1692BA8921B007A9D29 /* NoteContextMenuView.swift */ = {isa = PBXFileReference; lastKnownFileType = sourcecode.swift; path = NoteContextMenuView.swift; sourceTree = "<group>"; };
		C197E16D2BA8A88E007A9D29 /* Localizable.xcstrings */ = {isa = PBXFileReference; lastKnownFileType = text.json.xcstrings; path = Localizable.xcstrings; sourceTree = "<group>"; };
/* End PBXFileReference section */

/* Begin PBXFrameworksBuildPhase section */
		C193BA8B2BA72DD900A42FF5 /* Frameworks */ = {
			isa = PBXFrameworksBuildPhase;
			buildActionMask = 2147483647;
			files = (
			);
			runOnlyForDeploymentPostprocessing = 0;
		};
/* End PBXFrameworksBuildPhase section */

/* Begin PBXGroup section */
		C193BA852BA72DD900A42FF5 = {
			isa = PBXGroup;
			children = (
				C193BA902BA72DD900A42FF5 /* Noted */,
				C193BA8F2BA72DD900A42FF5 /* Products */,
			);
			sourceTree = "<group>";
		};
		C193BA8F2BA72DD900A42FF5 /* Products */ = {
			isa = PBXGroup;
			children = (
				C193BA8E2BA72DD900A42FF5 /* Noted.app */,
			);
			name = Products;
			sourceTree = "<group>";
		};
		C193BA902BA72DD900A42FF5 /* Noted */ = {
			isa = PBXGroup;
			children = (
				C193BA932BA72DD900A42FF5 /* ContentView.swift */,
				C193BAA02BA72E1300A42FF5 /* View */,
				C193BA9F2BA72E0F00A42FF5 /* Model */,
				C193BA912BA72DD900A42FF5 /* NotedApp.swift */,
				C193BA952BA72DDA00A42FF5 /* Assets.xcassets */,
				C197E16D2BA8A88E007A9D29 /* Localizable.xcstrings */,
				C193BA972BA72DDA00A42FF5 /* Preview Content */,
			);
			path = Noted;
			sourceTree = "<group>";
		};
		C193BA972BA72DDA00A42FF5 /* Preview Content */ = {
			isa = PBXGroup;
			children = (
				C193BA982BA72DDA00A42FF5 /* Preview Assets.xcassets */,
			);
			path = "Preview Content";
			sourceTree = "<group>";
		};
		C193BA9F2BA72E0F00A42FF5 /* Model */ = {
			isa = PBXGroup;
			children = (
				C193BAA12BA72E2500A42FF5 /* Note.swift */,
				C193BAA32BA72E7800A42FF5 /* Folder.swift */,
				C14743102BAB36A8003663D6 /* Previewer.swift */,
			);
			path = Model;
			sourceTree = "<group>";
		};
		C193BAA02BA72E1300A42FF5 /* View */ = {
			isa = PBXGroup;
			children = (
				C193BAA52BA72FDA00A42FF5 /* NotesView.swift */,
				C147430E2BAB320E003663D6 /* FoldersView.swift */,
				C147430C2BAB2F1D003663D6 /* SearchResultsView.swift */,
				C193BAA72BA72FE200A42FF5 /* NoteDetailView.swift */,
				C193BAA92BA74A5900A42FF5 /* NoteRowView.swift */,
				C197E1692BA8921B007A9D29 /* NoteContextMenuView.swift */,
			);
			path = View;
			sourceTree = "<group>";
		};
/* End PBXGroup section */

/* Begin PBXNativeTarget section */
		C193BA8D2BA72DD900A42FF5 /* Noted */ = {
			isa = PBXNativeTarget;
			buildConfigurationList = C193BA9C2BA72DDA00A42FF5 /* Build configuration list for PBXNativeTarget "Noted" */;
			buildPhases = (
				C193BA8A2BA72DD900A42FF5 /* Sources */,
				C193BA8B2BA72DD900A42FF5 /* Frameworks */,
				C193BA8C2BA72DD900A42FF5 /* Resources */,
			);
			buildRules = (
			);
			dependencies = (
			);
			name = Noted;
			productName = Noted;
			productReference = C193BA8E2BA72DD900A42FF5 /* Noted.app */;
			productType = "com.apple.product-type.application";
		};
/* End PBXNativeTarget section */

/* Begin PBXProject section */
		C193BA862BA72DD900A42FF5 /* Project object */ = {
			isa = PBXProject;
			attributes = {
				BuildIndependentTargetsInParallel = 1;
				LastSwiftUpdateCheck = 1530;
				LastUpgradeCheck = 1530;
				TargetAttributes = {
					C193BA8D2BA72DD900A42FF5 = {
						CreatedOnToolsVersion = 15.3;
					};
				};
			};
			buildConfigurationList = C193BA892BA72DD900A42FF5 /* Build configuration list for PBXProject "Noted" */;
			compatibilityVersion = "Xcode 14.0";
			developmentRegion = en;
			hasScannedForEncodings = 0;
			knownRegions = (
				en,
				Base,
				ru,
			);
			mainGroup = C193BA852BA72DD900A42FF5;
			productRefGroup = C193BA8F2BA72DD900A42FF5 /* Products */;
			projectDirPath = "";
			projectRoot = "";
			targets = (
				C193BA8D2BA72DD900A42FF5 /* Noted */,
			);
		};
/* End PBXProject section */

/* Begin PBXResourcesBuildPhase section */
		C193BA8C2BA72DD900A42FF5 /* Resources */ = {
			isa = PBXResourcesBuildPhase;
			buildActionMask = 2147483647;
			files = (
				C193BA992BA72DDA00A42FF5 /* Preview Assets.xcassets in Resources */,
				C193BA962BA72DDA00A42FF5 /* Assets.xcassets in Resources */,
				C197E16E2BA8A88E007A9D29 /* Localizable.xcstrings in Resources */,
			);
			runOnlyForDeploymentPostprocessing = 0;
		};
/* End PBXResourcesBuildPhase section */

/* Begin PBXSourcesBuildPhase section */
		C193BA8A2BA72DD900A42FF5 /* Sources */ = {
			isa = PBXSourcesBuildPhase;
			buildActionMask = 2147483647;
			files = (
				C193BA942BA72DD900A42FF5 /* ContentView.swift in Sources */,
				C147430D2BAB2F1D003663D6 /* SearchResultsView.swift in Sources */,
				C147430F2BAB320E003663D6 /* FoldersView.swift in Sources */,
				C193BA922BA72DD900A42FF5 /* NotedApp.swift in Sources */,
				C193BAA62BA72FDA00A42FF5 /* NotesView.swift in Sources */,
				C14743112BAB36A8003663D6 /* Previewer.swift in Sources */,
				C193BAA82BA72FE200A42FF5 /* NoteDetailView.swift in Sources */,
				C193BAA22BA72E2500A42FF5 /* Note.swift in Sources */,
				C193BAAA2BA74A5900A42FF5 /* NoteRowView.swift in Sources */,
				C193BAA42BA72E7800A42FF5 /* Folder.swift in Sources */,
				C197E16A2BA8921B007A9D29 /* NoteContextMenuView.swift in Sources */,
			);
			runOnlyForDeploymentPostprocessing = 0;
		};
/* End PBXSourcesBuildPhase section */

/* Begin XCBuildConfiguration section */
		C193BA9A2BA72DDA00A42FF5 /* Debug */ = {
			isa = XCBuildConfiguration;
			buildSettings = {
				ALWAYS_SEARCH_USER_PATHS = NO;
				ASSETCATALOG_COMPILER_GENERATE_SWIFT_ASSET_SYMBOL_EXTENSIONS = YES;
				CLANG_ANALYZER_NONNULL = YES;
				CLANG_ANALYZER_NUMBER_OBJECT_CONVERSION = YES_AGGRESSIVE;
				CLANG_CXX_LANGUAGE_STANDARD = "gnu++20";
				CLANG_ENABLE_MODULES = YES;
				CLANG_ENABLE_OBJC_ARC = YES;
				CLANG_ENABLE_OBJC_WEAK = YES;
				CLANG_WARN_BLOCK_CAPTURE_AUTORELEASING = YES;
				CLANG_WARN_BOOL_CONVERSION = YES;
				CLANG_WARN_COMMA = YES;
				CLANG_WARN_CONSTANT_CONVERSION = YES;
				CLANG_WARN_DEPRECATED_OBJC_IMPLEMENTATIONS = YES;
				CLANG_WARN_DIRECT_OBJC_ISA_USAGE = YES_ERROR;
				CLANG_WARN_DOCUMENTATION_COMMENTS = YES;
				CLANG_WARN_EMPTY_BODY = YES;
				CLANG_WARN_ENUM_CONVERSION = YES;
				CLANG_WARN_INFINITE_RECURSION = YES;
				CLANG_WARN_INT_CONVERSION = YES;
				CLANG_WARN_NON_LITERAL_NULL_CONVERSION = YES;
				CLANG_WARN_OBJC_IMPLICIT_RETAIN_SELF = YES;
				CLANG_WARN_OBJC_LITERAL_CONVERSION = YES;
				CLANG_WARN_OBJC_ROOT_CLASS = YES_ERROR;
				CLANG_WARN_QUOTED_INCLUDE_IN_FRAMEWORK_HEADER = YES;
				CLANG_WARN_RANGE_LOOP_ANALYSIS = YES;
				CLANG_WARN_STRICT_PROTOTYPES = YES;
				CLANG_WARN_SUSPICIOUS_MOVE = YES;
				CLANG_WARN_UNGUARDED_AVAILABILITY = YES_AGGRESSIVE;
				CLANG_WARN_UNREACHABLE_CODE = YES;
				CLANG_WARN__DUPLICATE_METHOD_MATCH = YES;
				COPY_PHASE_STRIP = NO;
				DEBUG_INFORMATION_FORMAT = dwarf;
				ENABLE_STRICT_OBJC_MSGSEND = YES;
				ENABLE_TESTABILITY = YES;
				ENABLE_USER_SCRIPT_SANDBOXING = YES;
				GCC_C_LANGUAGE_STANDARD = gnu17;
				GCC_DYNAMIC_NO_PIC = NO;
				GCC_NO_COMMON_BLOCKS = YES;
				GCC_OPTIMIZATION_LEVEL = 0;
				GCC_PREPROCESSOR_DEFINITIONS = (
					"DEBUG=1",
					"$(inherited)",
				);
				GCC_WARN_64_TO_32_BIT_CONVERSION = YES;
				GCC_WARN_ABOUT_RETURN_TYPE = YES_ERROR;
				GCC_WARN_UNDECLARED_SELECTOR = YES;
				GCC_WARN_UNINITIALIZED_AUTOS = YES_AGGRESSIVE;
				GCC_WARN_UNUSED_FUNCTION = YES;
				GCC_WARN_UNUSED_VARIABLE = YES;
				IPHONEOS_DEPLOYMENT_TARGET = 17.4;
				LOCALIZATION_PREFERS_STRING_CATALOGS = YES;
				MTL_ENABLE_DEBUG_INFO = INCLUDE_SOURCE;
				MTL_FAST_MATH = YES;
				ONLY_ACTIVE_ARCH = YES;
				SDKROOT = iphoneos;
				SWIFT_ACTIVE_COMPILATION_CONDITIONS = "DEBUG $(inherited)";
				SWIFT_OPTIMIZATION_LEVEL = "-Onone";
			};
			name = Debug;
		};
		C193BA9B2BA72DDA00A42FF5 /* Release */ = {
			isa = XCBuildConfiguration;
			buildSettings = {
				ALWAYS_SEARCH_USER_PATHS = NO;
				ASSETCATALOG_COMPILER_GENERATE_SWIFT_ASSET_SYMBOL_EXTENSIONS = YES;
				CLANG_ANALYZER_NONNULL = YES;
				CLANG_ANALYZER_NUMBER_OBJECT_CONVERSION = YES_AGGRESSIVE;
				CLANG_CXX_LANGUAGE_STANDARD = "gnu++20";
				CLANG_ENABLE_MODULES = YES;
				CLANG_ENABLE_OBJC_ARC = YES;
				CLANG_ENABLE_OBJC_WEAK = YES;
				CLANG_WARN_BLOCK_CAPTURE_AUTORELEASING = YES;
				CLANG_WARN_BOOL_CONVERSION = YES;
				CLANG_WARN_COMMA = YES;
				CLANG_WARN_CONSTANT_CONVERSION = YES;
				CLANG_WARN_DEPRECATED_OBJC_IMPLEMENTATIONS = YES;
				CLANG_WARN_DIRECT_OBJC_ISA_USAGE = YES_ERROR;
				CLANG_WARN_DOCUMENTATION_COMMENTS = YES;
				CLANG_WARN_EMPTY_BODY = YES;
				CLANG_WARN_ENUM_CONVERSION = YES;
				CLANG_WARN_INFINITE_RECURSION = YES;
				CLANG_WARN_INT_CONVERSION = YES;
				CLANG_WARN_NON_LITERAL_NULL_CONVERSION = YES;
				CLANG_WARN_OBJC_IMPLICIT_RETAIN_SELF = YES;
				CLANG_WARN_OBJC_LITERAL_CONVERSION = YES;
				CLANG_WARN_OBJC_ROOT_CLASS = YES_ERROR;
				CLANG_WARN_QUOTED_INCLUDE_IN_FRAMEWORK_HEADER = YES;
				CLANG_WARN_RANGE_LOOP_ANALYSIS = YES;
				CLANG_WARN_STRICT_PROTOTYPES = YES;
				CLANG_WARN_SUSPICIOUS_MOVE = YES;
				CLANG_WARN_UNGUARDED_AVAILABILITY = YES_AGGRESSIVE;
				CLANG_WARN_UNREACHABLE_CODE = YES;
				CLANG_WARN__DUPLICATE_METHOD_MATCH = YES;
				COPY_PHASE_STRIP = NO;
				DEBUG_INFORMATION_FORMAT = "dwarf-with-dsym";
				ENABLE_NS_ASSERTIONS = NO;
				ENABLE_STRICT_OBJC_MSGSEND = YES;
				ENABLE_USER_SCRIPT_SANDBOXING = YES;
				GCC_C_LANGUAGE_STANDARD = gnu17;
				GCC_NO_COMMON_BLOCKS = YES;
				GCC_WARN_64_TO_32_BIT_CONVERSION = YES;
				GCC_WARN_ABOUT_RETURN_TYPE = YES_ERROR;
				GCC_WARN_UNDECLARED_SELECTOR = YES;
				GCC_WARN_UNINITIALIZED_AUTOS = YES_AGGRESSIVE;
				GCC_WARN_UNUSED_FUNCTION = YES;
				GCC_WARN_UNUSED_VARIABLE = YES;
				IPHONEOS_DEPLOYMENT_TARGET = 17.4;
				LOCALIZATION_PREFERS_STRING_CATALOGS = YES;
				MTL_ENABLE_DEBUG_INFO = NO;
				MTL_FAST_MATH = YES;
				SDKROOT = iphoneos;
				SWIFT_COMPILATION_MODE = wholemodule;
				VALIDATE_PRODUCT = YES;
			};
			name = Release;
		};
		C193BA9D2BA72DDA00A42FF5 /* Debug */ = {
			isa = XCBuildConfiguration;
			buildSettings = {
				ASSETCATALOG_COMPILER_APPICON_NAME = AppIcon;
				ASSETCATALOG_COMPILER_GLOBAL_ACCENT_COLOR_NAME = AccentColor;
				CODE_SIGN_STYLE = Automatic;
				CURRENT_PROJECT_VERSION = 1;
				DEVELOPMENT_ASSET_PATHS = "\"Noted/Preview Content\"";
				DEVELOPMENT_TEAM = M6RSUA6A9T;
				ENABLE_PREVIEWS = YES;
				GENERATE_INFOPLIST_FILE = YES;
				INFOPLIST_KEY_UIApplicationSceneManifest_Generation = YES;
				INFOPLIST_KEY_UIApplicationSupportsIndirectInputEvents = YES;
				INFOPLIST_KEY_UILaunchScreen_Generation = YES;
				INFOPLIST_KEY_UISupportedInterfaceOrientations_iPad = "UIInterfaceOrientationPortrait UIInterfaceOrientationPortraitUpsideDown UIInterfaceOrientationLandscapeLeft UIInterfaceOrientationLandscapeRight";
				INFOPLIST_KEY_UISupportedInterfaceOrientations_iPhone = "UIInterfaceOrientationPortrait UIInterfaceOrientationLandscapeLeft UIInterfaceOrientationLandscapeRight";
				IPHONEOS_DEPLOYMENT_TARGET = 17.0;
				LD_RUNPATH_SEARCH_PATHS = (
					"$(inherited)",
					"@executable_path/Frameworks",
				);
				MARKETING_VERSION = 1.0;
				PRODUCT_BUNDLE_IDENTIFIER = me.gurbanova.julia.Noted;
				PRODUCT_NAME = "$(TARGET_NAME)";
				SWIFT_EMIT_LOC_STRINGS = YES;
				SWIFT_VERSION = 5.0;
				TARGETED_DEVICE_FAMILY = "1,2";
			};
			name = Debug;
		};
		C193BA9E2BA72DDA00A42FF5 /* Release */ = {
			isa = XCBuildConfiguration;
			buildSettings = {
				ASSETCATALOG_COMPILER_APPICON_NAME = AppIcon;
				ASSETCATALOG_COMPILER_GLOBAL_ACCENT_COLOR_NAME = AccentColor;
				CODE_SIGN_STYLE = Automatic;
				CURRENT_PROJECT_VERSION = 1;
				DEVELOPMENT_ASSET_PATHS = "\"Noted/Preview Content\"";
				DEVELOPMENT_TEAM = M6RSUA6A9T;
				ENABLE_PREVIEWS = YES;
				GENERATE_INFOPLIST_FILE = YES;
				INFOPLIST_KEY_UIApplicationSceneManifest_Generation = YES;
				INFOPLIST_KEY_UIApplicationSupportsIndirectInputEvents = YES;
				INFOPLIST_KEY_UILaunchScreen_Generation = YES;
				INFOPLIST_KEY_UISupportedInterfaceOrientations_iPad = "UIInterfaceOrientationPortrait UIInterfaceOrientationPortraitUpsideDown UIInterfaceOrientationLandscapeLeft UIInterfaceOrientationLandscapeRight";
				INFOPLIST_KEY_UISupportedInterfaceOrientations_iPhone = "UIInterfaceOrientationPortrait UIInterfaceOrientationLandscapeLeft UIInterfaceOrientationLandscapeRight";
				IPHONEOS_DEPLOYMENT_TARGET = 17.0;
				LD_RUNPATH_SEARCH_PATHS = (
					"$(inherited)",
					"@executable_path/Frameworks",
				);
				MARKETING_VERSION = 1.0;
				PRODUCT_BUNDLE_IDENTIFIER = me.gurbanova.julia.Noted;
				PRODUCT_NAME = "$(TARGET_NAME)";
				SWIFT_EMIT_LOC_STRINGS = YES;
				SWIFT_VERSION = 5.0;
				TARGETED_DEVICE_FAMILY = "1,2";
			};
			name = Release;
		};
/* End XCBuildConfiguration section */

/* Begin XCConfigurationList section */
		C193BA892BA72DD900A42FF5 /* Build configuration list for PBXProject "Noted" */ = {
			isa = XCConfigurationList;
			buildConfigurations = (
				C193BA9A2BA72DDA00A42FF5 /* Debug */,
				C193BA9B2BA72DDA00A42FF5 /* Release */,
			);
			defaultConfigurationIsVisible = 0;
			defaultConfigurationName = Release;
		};
		C193BA9C2BA72DDA00A42FF5 /* Build configuration list for PBXNativeTarget "Noted" */ = {
			isa = XCConfigurationList;
			buildConfigurations = (
				C193BA9D2BA72DDA00A42FF5 /* Debug */,
				C193BA9E2BA72DDA00A42FF5 /* Release */,
			);
			defaultConfigurationIsVisible = 0;
			defaultConfigurationName = Release;
		};
/* End XCConfigurationList section */
	};
	rootObject = C193BA862BA72DD900A42FF5 /* Project object */;
}
